// !$*UTF8*$!
{
	archiveVersion = 1;
	classes = {
	};
	objectVersion = 56;
	objects = {

/* Begin PBXBuildFile section */
		5DBA41CE2C2AB7E000B716CD /* NyTimesArticlesApp.swift in Sources */ = {isa = PBXBuildFile; fileRef = 5DBA41CD2C2AB7E000B716CD /* NyTimesArticlesApp.swift */; };
		5DBA41D02C2AB7E000B716CD /* NyArticlesHomeView.swift in Sources */ = {isa = PBXBuildFile; fileRef = 5DBA41CF2C2AB7E000B716CD /* NyArticlesHomeView.swift */; };
		5DBA41D22C2AB7E200B716CD /* Assets.xcassets in Resources */ = {isa = PBXBuildFile; fileRef = 5DBA41D12C2AB7E200B716CD /* Assets.xcassets */; };
		5DBA41D62C2AB7E200B716CD /* Preview Assets.xcassets in Resources */ = {isa = PBXBuildFile; fileRef = 5DBA41D52C2AB7E200B716CD /* Preview Assets.xcassets */; };
		5DBA41E02C2AB7E200B716CD /* NyTimesArticlesTests.swift in Sources */ = {isa = PBXBuildFile; fileRef = 5DBA41DF2C2AB7E200B716CD /* NyTimesArticlesTests.swift */; };
		5DBA41EA2C2AB7E200B716CD /* NyTimesArticlesUITests.swift in Sources */ = {isa = PBXBuildFile; fileRef = 5DBA41E92C2AB7E200B716CD /* NyTimesArticlesUITests.swift */; };
		5DBA41EC2C2AB7E200B716CD /* NyTimesArticlesUITestsLaunchTests.swift in Sources */ = {isa = PBXBuildFile; fileRef = 5DBA41EB2C2AB7E200B716CD /* NyTimesArticlesUITestsLaunchTests.swift */; };
		5DBA42022C2ABD7E00B716CD /* NyMedia.swift in Sources */ = {isa = PBXBuildFile; fileRef = 5DBA41FE2C2ABD7E00B716CD /* NyMedia.swift */; };
		5DBA42032C2ABD7E00B716CD /* NyMediaMetadata.swift in Sources */ = {isa = PBXBuildFile; fileRef = 5DBA41FF2C2ABD7E00B716CD /* NyMediaMetadata.swift */; };
		5DBA42042C2ABD7E00B716CD /* NyArticle.swift in Sources */ = {isa = PBXBuildFile; fileRef = 5DBA42002C2ABD7E00B716CD /* NyArticle.swift */; };
		5DBA42052C2ABD7E00B716CD /* NyResult.swift in Sources */ = {isa = PBXBuildFile; fileRef = 5DBA42012C2ABD7E00B716CD /* NyResult.swift */; };
		5DBA42082C2AC00100B716CD /* ArticleRepository.swift in Sources */ = {isa = PBXBuildFile; fileRef = 5DBA42072C2AC00100B716CD /* ArticleRepository.swift */; };
		5DBA420A2C2AC08700B716CD /* ArticleUseCase.swift in Sources */ = {isa = PBXBuildFile; fileRef = 5DBA42092C2AC08700B716CD /* ArticleUseCase.swift */; };
		5DBA420E2C2AC30300B716CD /* ArticleApiDataSourceImpl.swift in Sources */ = {isa = PBXBuildFile; fileRef = 5DBA420D2C2AC30300B716CD /* ArticleApiDataSourceImpl.swift */; };
		5DBA42112C2AC44400B716CD /* ArticleRepositoryImpl.swift in Sources */ = {isa = PBXBuildFile; fileRef = 5DBA42102C2AC44400B716CD /* ArticleRepositoryImpl.swift */; };
		5DBA42142C2AC54700B716CD /* NyArticlesHomeViewModel.swift in Sources */ = {isa = PBXBuildFile; fileRef = 5DBA42132C2AC54700B716CD /* NyArticlesHomeViewModel.swift */; };
		5DBA42172C2ACD8C00B716CD /* ApiClient.swift in Sources */ = {isa = PBXBuildFile; fileRef = 5DBA42162C2ACD8C00B716CD /* ApiClient.swift */; };
		5DBA421A2C2ACFA500B716CD /* APIRequest.swift in Sources */ = {isa = PBXBuildFile; fileRef = 5DBA42192C2ACFA500B716CD /* APIRequest.swift */; };
		5DBA421D2C2AD01500B716CD /* HTTPMethod.swift in Sources */ = {isa = PBXBuildFile; fileRef = 5DBA421C2C2AD01500B716CD /* HTTPMethod.swift */; };
		5DBA42212C2B1FFB00B716CD /* ArticlesRequest.swift in Sources */ = {isa = PBXBuildFile; fileRef = 5DBA42202C2B1FFB00B716CD /* ArticlesRequest.swift */; };
		5DBA42232C2B251700B716CD /* ApiConstants.swift in Sources */ = {isa = PBXBuildFile; fileRef = 5DBA42222C2B251700B716CD /* ApiConstants.swift */; };
		5DBA42262C2B47A700B716CD /* ErrorResponce.swift in Sources */ = {isa = PBXBuildFile; fileRef = 5DBA42252C2B47A700B716CD /* ErrorResponce.swift */; };
/* End PBXBuildFile section */

/* Begin PBXContainerItemProxy section */
		5DBA41DC2C2AB7E200B716CD /* PBXContainerItemProxy */ = {
			isa = PBXContainerItemProxy;
			containerPortal = 5DBA41C22C2AB7E000B716CD /* Project object */;
			proxyType = 1;
			remoteGlobalIDString = 5DBA41C92C2AB7E000B716CD;
			remoteInfo = NyTimesArticles;
		};
		5DBA41E62C2AB7E200B716CD /* PBXContainerItemProxy */ = {
			isa = PBXContainerItemProxy;
			containerPortal = 5DBA41C22C2AB7E000B716CD /* Project object */;
			proxyType = 1;
			remoteGlobalIDString = 5DBA41C92C2AB7E000B716CD;
			remoteInfo = NyTimesArticles;
		};
/* End PBXContainerItemProxy section */

/* Begin PBXFileReference section */
		5DBA41CA2C2AB7E000B716CD /* NyTimesArticles.app */ = {isa = PBXFileReference; explicitFileType = wrapper.application; includeInIndex = 0; path = NyTimesArticles.app; sourceTree = BUILT_PRODUCTS_DIR; };
		5DBA41CD2C2AB7E000B716CD /* NyTimesArticlesApp.swift */ = {isa = PBXFileReference; lastKnownFileType = sourcecode.swift; path = NyTimesArticlesApp.swift; sourceTree = "<group>"; };
		5DBA41CF2C2AB7E000B716CD /* NyArticlesHomeView.swift */ = {isa = PBXFileReference; lastKnownFileType = sourcecode.swift; path = NyArticlesHomeView.swift; sourceTree = "<group>"; };
		5DBA41D12C2AB7E200B716CD /* Assets.xcassets */ = {isa = PBXFileReference; lastKnownFileType = folder.assetcatalog; path = Assets.xcassets; sourceTree = "<group>"; };
		5DBA41D32C2AB7E200B716CD /* NyTimesArticles.entitlements */ = {isa = PBXFileReference; lastKnownFileType = text.plist.entitlements; path = NyTimesArticles.entitlements; sourceTree = "<group>"; };
		5DBA41D52C2AB7E200B716CD /* Preview Assets.xcassets */ = {isa = PBXFileReference; lastKnownFileType = folder.assetcatalog; path = "Preview Assets.xcassets"; sourceTree = "<group>"; };
		5DBA41DB2C2AB7E200B716CD /* NyTimesArticlesTests.xctest */ = {isa = PBXFileReference; explicitFileType = wrapper.cfbundle; includeInIndex = 0; path = NyTimesArticlesTests.xctest; sourceTree = BUILT_PRODUCTS_DIR; };
		5DBA41DF2C2AB7E200B716CD /* NyTimesArticlesTests.swift */ = {isa = PBXFileReference; lastKnownFileType = sourcecode.swift; path = NyTimesArticlesTests.swift; sourceTree = "<group>"; };
		5DBA41E52C2AB7E200B716CD /* NyTimesArticlesUITests.xctest */ = {isa = PBXFileReference; explicitFileType = wrapper.cfbundle; includeInIndex = 0; path = NyTimesArticlesUITests.xctest; sourceTree = BUILT_PRODUCTS_DIR; };
		5DBA41E92C2AB7E200B716CD /* NyTimesArticlesUITests.swift */ = {isa = PBXFileReference; lastKnownFileType = sourcecode.swift; path = NyTimesArticlesUITests.swift; sourceTree = "<group>"; };
		5DBA41EB2C2AB7E200B716CD /* NyTimesArticlesUITestsLaunchTests.swift */ = {isa = PBXFileReference; lastKnownFileType = sourcecode.swift; path = NyTimesArticlesUITestsLaunchTests.swift; sourceTree = "<group>"; };
		5DBA41FE2C2ABD7E00B716CD /* NyMedia.swift */ = {isa = PBXFileReference; fileEncoding = 4; lastKnownFileType = sourcecode.swift; path = NyMedia.swift; sourceTree = "<group>"; };
		5DBA41FF2C2ABD7E00B716CD /* NyMediaMetadata.swift */ = {isa = PBXFileReference; fileEncoding = 4; lastKnownFileType = sourcecode.swift; path = NyMediaMetadata.swift; sourceTree = "<group>"; };
		5DBA42002C2ABD7E00B716CD /* NyArticle.swift */ = {isa = PBXFileReference; fileEncoding = 4; lastKnownFileType = sourcecode.swift; path = NyArticle.swift; sourceTree = "<group>"; };
		5DBA42012C2ABD7E00B716CD /* NyResult.swift */ = {isa = PBXFileReference; fileEncoding = 4; lastKnownFileType = sourcecode.swift; path = NyResult.swift; sourceTree = "<group>"; };
		5DBA42072C2AC00100B716CD /* ArticleRepository.swift */ = {isa = PBXFileReference; lastKnownFileType = sourcecode.swift; path = ArticleRepository.swift; sourceTree = "<group>"; };
		5DBA42092C2AC08700B716CD /* ArticleUseCase.swift */ = {isa = PBXFileReference; lastKnownFileType = sourcecode.swift; path = ArticleUseCase.swift; sourceTree = "<group>"; };
		5DBA420D2C2AC30300B716CD /* ArticleApiDataSourceImpl.swift */ = {isa = PBXFileReference; lastKnownFileType = sourcecode.swift; path = ArticleApiDataSourceImpl.swift; sourceTree = "<group>"; };
		5DBA42102C2AC44400B716CD /* ArticleRepositoryImpl.swift */ = {isa = PBXFileReference; lastKnownFileType = sourcecode.swift; path = ArticleRepositoryImpl.swift; sourceTree = "<group>"; };
		5DBA42132C2AC54700B716CD /* NyArticlesHomeViewModel.swift */ = {isa = PBXFileReference; lastKnownFileType = sourcecode.swift; path = NyArticlesHomeViewModel.swift; sourceTree = "<group>"; };
		5DBA42162C2ACD8C00B716CD /* ApiClient.swift */ = {isa = PBXFileReference; lastKnownFileType = sourcecode.swift; path = ApiClient.swift; sourceTree = "<group>"; };
		5DBA42192C2ACFA500B716CD /* APIRequest.swift */ = {isa = PBXFileReference; lastKnownFileType = sourcecode.swift; path = APIRequest.swift; sourceTree = "<group>"; };
		5DBA421C2C2AD01500B716CD /* HTTPMethod.swift */ = {isa = PBXFileReference; lastKnownFileType = sourcecode.swift; path = HTTPMethod.swift; sourceTree = "<group>"; };
		5DBA42202C2B1FFB00B716CD /* ArticlesRequest.swift */ = {isa = PBXFileReference; lastKnownFileType = sourcecode.swift; path = ArticlesRequest.swift; sourceTree = "<group>"; };
		5DBA42222C2B251700B716CD /* ApiConstants.swift */ = {isa = PBXFileReference; lastKnownFileType = sourcecode.swift; path = ApiConstants.swift; sourceTree = "<group>"; };
		5DBA42252C2B47A700B716CD /* ErrorResponce.swift */ = {isa = PBXFileReference; lastKnownFileType = sourcecode.swift; path = ErrorResponce.swift; sourceTree = "<group>"; };
/* End PBXFileReference section */

/* Begin PBXFrameworksBuildPhase section */
		5DBA41C72C2AB7E000B716CD /* Frameworks */ = {
			isa = PBXFrameworksBuildPhase;
			buildActionMask = 2147483647;
			files = (
			);
			runOnlyForDeploymentPostprocessing = 0;
		};
		5DBA41D82C2AB7E200B716CD /* Frameworks */ = {
			isa = PBXFrameworksBuildPhase;
			buildActionMask = 2147483647;
			files = (
			);
			runOnlyForDeploymentPostprocessing = 0;
		};
		5DBA41E22C2AB7E200B716CD /* Frameworks */ = {
			isa = PBXFrameworksBuildPhase;
			buildActionMask = 2147483647;
			files = (
			);
			runOnlyForDeploymentPostprocessing = 0;
		};
/* End PBXFrameworksBuildPhase section */

/* Begin PBXGroup section */
		5DBA41C12C2AB7E000B716CD = {
			isa = PBXGroup;
			children = (
				5DBA41CC2C2AB7E000B716CD /* NyTimesArticles */,
				5DBA41DE2C2AB7E200B716CD /* NyTimesArticlesTests */,
				5DBA41E82C2AB7E200B716CD /* NyTimesArticlesUITests */,
				5DBA41CB2C2AB7E000B716CD /* Products */,
			);
			sourceTree = "<group>";
		};
		5DBA41CB2C2AB7E000B716CD /* Products */ = {
			isa = PBXGroup;
			children = (
				5DBA41CA2C2AB7E000B716CD /* NyTimesArticles.app */,
				5DBA41DB2C2AB7E200B716CD /* NyTimesArticlesTests.xctest */,
				5DBA41E52C2AB7E200B716CD /* NyTimesArticlesUITests.xctest */,
			);
			name = Products;
			sourceTree = "<group>";
		};
		5DBA41CC2C2AB7E000B716CD /* NyTimesArticles */ = {
			isa = PBXGroup;
			children = (
				5DBA420B2C2AC2D100B716CD /* Data */,
				5DBA41FA2C2ABBB900B716CD /* Domain */,
				5DBA41F92C2AB80B00B716CD /* Features */,
				5DBA41F82C2AB7FA00B716CD /* App */,
				5DBA41D12C2AB7E200B716CD /* Assets.xcassets */,
				5DBA41D32C2AB7E200B716CD /* NyTimesArticles.entitlements */,
				5DBA41D42C2AB7E200B716CD /* Preview Content */,
			);
			path = NyTimesArticles;
			sourceTree = "<group>";
		};
		5DBA41D42C2AB7E200B716CD /* Preview Content */ = {
			isa = PBXGroup;
			children = (
				5DBA41D52C2AB7E200B716CD /* Preview Assets.xcassets */,
			);
			path = "Preview Content";
			sourceTree = "<group>";
		};
		5DBA41DE2C2AB7E200B716CD /* NyTimesArticlesTests */ = {
			isa = PBXGroup;
			children = (
				5DBA41DF2C2AB7E200B716CD /* NyTimesArticlesTests.swift */,
			);
			path = NyTimesArticlesTests;
			sourceTree = "<group>";
		};
		5DBA41E82C2AB7E200B716CD /* NyTimesArticlesUITests */ = {
			isa = PBXGroup;
			children = (
				5DBA41E92C2AB7E200B716CD /* NyTimesArticlesUITests.swift */,
				5DBA41EB2C2AB7E200B716CD /* NyTimesArticlesUITestsLaunchTests.swift */,
			);
			path = NyTimesArticlesUITests;
			sourceTree = "<group>";
		};
		5DBA41F82C2AB7FA00B716CD /* App */ = {
			isa = PBXGroup;
			children = (
				5DBA41CD2C2AB7E000B716CD /* NyTimesArticlesApp.swift */,
			);
			path = App;
			sourceTree = "<group>";
		};
		5DBA41F92C2AB80B00B716CD /* Features */ = {
			isa = PBXGroup;
			children = (
				5DBA42122C2AC51400B716CD /* NyArticlesHome */,
			);
			path = Features;
			sourceTree = "<group>";
		};
		5DBA41FA2C2ABBB900B716CD /* Domain */ = {
			isa = PBXGroup;
			children = (
				5DBA41FD2C2ABBE300B716CD /* UseCase */,
				5DBA41FC2C2ABBDD00B716CD /* Repository */,
				5DBA41FB2C2ABBCE00B716CD /* DomainModels */,
			);
			path = Domain;
			sourceTree = "<group>";
		};
		5DBA41FB2C2ABBCE00B716CD /* DomainModels */ = {
			isa = PBXGroup;
			children = (
				5DBA42002C2ABD7E00B716CD /* NyArticle.swift */,
				5DBA41FE2C2ABD7E00B716CD /* NyMedia.swift */,
				5DBA41FF2C2ABD7E00B716CD /* NyMediaMetadata.swift */,
				5DBA42012C2ABD7E00B716CD /* NyResult.swift */,
			);
			path = DomainModels;
			sourceTree = "<group>";
		};
		5DBA41FC2C2ABBDD00B716CD /* Repository */ = {
			isa = PBXGroup;
			children = (
				5DBA42072C2AC00100B716CD /* ArticleRepository.swift */,
			);
			path = Repository;
			sourceTree = "<group>";
		};
		5DBA41FD2C2ABBE300B716CD /* UseCase */ = {
			isa = PBXGroup;
			children = (
				5DBA42092C2AC08700B716CD /* ArticleUseCase.swift */,
			);
			path = UseCase;
			sourceTree = "<group>";
		};
		5DBA420B2C2AC2D100B716CD /* Data */ = {
			isa = PBXGroup;
			children = (
				5DBA42182C2ACF9000B716CD /* DataModels */,
				5DBA42152C2ACD8000B716CD /* Network */,
				5DBA420F2C2AC42900B716CD /* Repository */,
				5DBA420C2C2AC2DC00B716CD /* DataSource */,
			);
			path = Data;
			sourceTree = "<group>";
		};
		5DBA420C2C2AC2DC00B716CD /* DataSource */ = {
			isa = PBXGroup;
			children = (
				5DBA420D2C2AC30300B716CD /* ArticleApiDataSourceImpl.swift */,
			);
			path = DataSource;
			sourceTree = "<group>";
		};
		5DBA420F2C2AC42900B716CD /* Repository */ = {
			isa = PBXGroup;
			children = (
				5DBA42102C2AC44400B716CD /* ArticleRepositoryImpl.swift */,
			);
			path = Repository;
			sourceTree = "<group>";
		};
		5DBA42122C2AC51400B716CD /* NyArticlesHome */ = {
			isa = PBXGroup;
			children = (
				5DBA41CF2C2AB7E000B716CD /* NyArticlesHomeView.swift */,
				5DBA42132C2AC54700B716CD /* NyArticlesHomeViewModel.swift */,
			);
			path = NyArticlesHome;
			sourceTree = "<group>";
		};
		5DBA42152C2ACD8000B716CD /* Network */ = {
			isa = PBXGroup;
			children = (
				5DBA42162C2ACD8C00B716CD /* ApiClient.swift */,
				5DBA42222C2B251700B716CD /* ApiConstants.swift */,
			);
			path = Network;
			sourceTree = "<group>";
		};
		5DBA42182C2ACF9000B716CD /* DataModels */ = {
			isa = PBXGroup;
			children = (
				5DBA42242C2B479500B716CD /* Error */,
				5DBA421F2C2B1FD300B716CD /* ArticlesRequest */,
				5DBA421E2C2AD0F600B716CD /* APIRequest */,
			);
			path = DataModels;
			sourceTree = "<group>";
		};
		5DBA421E2C2AD0F600B716CD /* APIRequest */ = {
			isa = PBXGroup;
			children = (
				5DBA42192C2ACFA500B716CD /* APIRequest.swift */,
				5DBA421C2C2AD01500B716CD /* HTTPMethod.swift */,
			);
			path = APIRequest;
			sourceTree = "<group>";
		};
		5DBA421F2C2B1FD300B716CD /* ArticlesRequest */ = {
			isa = PBXGroup;
			children = (
				5DBA42202C2B1FFB00B716CD /* ArticlesRequest.swift */,
			);
			path = ArticlesRequest;
			sourceTree = "<group>";
		};
		5DBA42242C2B479500B716CD /* Error */ = {
			isa = PBXGroup;
			children = (
				5DBA42252C2B47A700B716CD /* ErrorResponce.swift */,
			);
			path = Error;
			sourceTree = "<group>";
		};
/* End PBXGroup section */

/* Begin PBXNativeTarget section */
		5DBA41C92C2AB7E000B716CD /* NyTimesArticles */ = {
			isa = PBXNativeTarget;
			buildConfigurationList = 5DBA41EF2C2AB7E200B716CD /* Build configuration list for PBXNativeTarget "NyTimesArticles" */;
			buildPhases = (
				5DBA41C62C2AB7E000B716CD /* Sources */,
				5DBA41C72C2AB7E000B716CD /* Frameworks */,
				5DBA41C82C2AB7E000B716CD /* Resources */,
			);
			buildRules = (
			);
			dependencies = (
			);
			name = NyTimesArticles;
			productName = NyTimesArticles;
			productReference = 5DBA41CA2C2AB7E000B716CD /* NyTimesArticles.app */;
			productType = "com.apple.product-type.application";
		};
		5DBA41DA2C2AB7E200B716CD /* NyTimesArticlesTests */ = {
			isa = PBXNativeTarget;
			buildConfigurationList = 5DBA41F22C2AB7E200B716CD /* Build configuration list for PBXNativeTarget "NyTimesArticlesTests" */;
			buildPhases = (
				5DBA41D72C2AB7E200B716CD /* Sources */,
				5DBA41D82C2AB7E200B716CD /* Frameworks */,
				5DBA41D92C2AB7E200B716CD /* Resources */,
			);
			buildRules = (
			);
			dependencies = (
				5DBA41DD2C2AB7E200B716CD /* PBXTargetDependency */,
			);
			name = NyTimesArticlesTests;
			productName = NyTimesArticlesTests;
			productReference = 5DBA41DB2C2AB7E200B716CD /* NyTimesArticlesTests.xctest */;
			productType = "com.apple.product-type.bundle.unit-test";
		};
		5DBA41E42C2AB7E200B716CD /* NyTimesArticlesUITests */ = {
			isa = PBXNativeTarget;
			buildConfigurationList = 5DBA41F52C2AB7E200B716CD /* Build configuration list for PBXNativeTarget "NyTimesArticlesUITests" */;
			buildPhases = (
				5DBA41E12C2AB7E200B716CD /* Sources */,
				5DBA41E22C2AB7E200B716CD /* Frameworks */,
				5DBA41E32C2AB7E200B716CD /* Resources */,
			);
			buildRules = (
			);
			dependencies = (
				5DBA41E72C2AB7E200B716CD /* PBXTargetDependency */,
			);
			name = NyTimesArticlesUITests;
			productName = NyTimesArticlesUITests;
			productReference = 5DBA41E52C2AB7E200B716CD /* NyTimesArticlesUITests.xctest */;
			productType = "com.apple.product-type.bundle.ui-testing";
		};
/* End PBXNativeTarget section */

/* Begin PBXProject section */
		5DBA41C22C2AB7E000B716CD /* Project object */ = {
			isa = PBXProject;
			attributes = {
				BuildIndependentTargetsInParallel = 1;
				LastSwiftUpdateCheck = 1530;
				LastUpgradeCheck = 1530;
				TargetAttributes = {
					5DBA41C92C2AB7E000B716CD = {
						CreatedOnToolsVersion = 15.3;
					};
					5DBA41DA2C2AB7E200B716CD = {
						CreatedOnToolsVersion = 15.3;
						TestTargetID = 5DBA41C92C2AB7E000B716CD;
					};
					5DBA41E42C2AB7E200B716CD = {
						CreatedOnToolsVersion = 15.3;
						TestTargetID = 5DBA41C92C2AB7E000B716CD;
					};
				};
			};
			buildConfigurationList = 5DBA41C52C2AB7E000B716CD /* Build configuration list for PBXProject "NyTimesArticles" */;
			compatibilityVersion = "Xcode 14.0";
			developmentRegion = en;
			hasScannedForEncodings = 0;
			knownRegions = (
				en,
				Base,
			);
			mainGroup = 5DBA41C12C2AB7E000B716CD;
			productRefGroup = 5DBA41CB2C2AB7E000B716CD /* Products */;
			projectDirPath = "";
			projectRoot = "";
			targets = (
				5DBA41C92C2AB7E000B716CD /* NyTimesArticles */,
				5DBA41DA2C2AB7E200B716CD /* NyTimesArticlesTests */,
				5DBA41E42C2AB7E200B716CD /* NyTimesArticlesUITests */,
			);
		};
/* End PBXProject section */

/* Begin PBXResourcesBuildPhase section */
		5DBA41C82C2AB7E000B716CD /* Resources */ = {
			isa = PBXResourcesBuildPhase;
			buildActionMask = 2147483647;
			files = (
				5DBA41D62C2AB7E200B716CD /* Preview Assets.xcassets in Resources */,
				5DBA41D22C2AB7E200B716CD /* Assets.xcassets in Resources */,
			);
			runOnlyForDeploymentPostprocessing = 0;
		};
		5DBA41D92C2AB7E200B716CD /* Resources */ = {
			isa = PBXResourcesBuildPhase;
			buildActionMask = 2147483647;
			files = (
			);
			runOnlyForDeploymentPostprocessing = 0;
		};
		5DBA41E32C2AB7E200B716CD /* Resources */ = {
			isa = PBXResourcesBuildPhase;
			buildActionMask = 2147483647;
			files = (
			);
			runOnlyForDeploymentPostprocessing = 0;
		};
/* End PBXResourcesBuildPhase section */

/* Begin PBXSourcesBuildPhase section */
		5DBA41C62C2AB7E000B716CD /* Sources */ = {
			isa = PBXSourcesBuildPhase;
			buildActionMask = 2147483647;
			files = (
				5DBA42212C2B1FFB00B716CD /* ArticlesRequest.swift in Sources */,
				5DBA42032C2ABD7E00B716CD /* NyMediaMetadata.swift in Sources */,
				5DBA41D02C2AB7E000B716CD /* NyArticlesHomeView.swift in Sources */,
				5DBA421D2C2AD01500B716CD /* HTTPMethod.swift in Sources */,
				5DBA42232C2B251700B716CD /* ApiConstants.swift in Sources */,
				5DBA421A2C2ACFA500B716CD /* APIRequest.swift in Sources */,
				5DBA420E2C2AC30300B716CD /* ArticleApiDataSourceImpl.swift in Sources */,
				5DBA42042C2ABD7E00B716CD /* NyArticle.swift in Sources */,
				5DBA42112C2AC44400B716CD /* ArticleRepositoryImpl.swift in Sources */,
				5DBA42142C2AC54700B716CD /* NyArticlesHomeViewModel.swift in Sources */,
				5DBA42262C2B47A700B716CD /* ErrorResponce.swift in Sources */,
				5DBA42052C2ABD7E00B716CD /* NyResult.swift in Sources */,
				5DBA420A2C2AC08700B716CD /* ArticleUseCase.swift in Sources */,
				5DBA41CE2C2AB7E000B716CD /* NyTimesArticlesApp.swift in Sources */,
				5DBA42082C2AC00100B716CD /* ArticleRepository.swift in Sources */,
				5DBA42022C2ABD7E00B716CD /* NyMedia.swift in Sources */,
				5DBA42172C2ACD8C00B716CD /* ApiClient.swift in Sources */,
			);
			runOnlyForDeploymentPostprocessing = 0;
		};
		5DBA41D72C2AB7E200B716CD /* Sources */ = {
			isa = PBXSourcesBuildPhase;
			buildActionMask = 2147483647;
			files = (
				5DBA41E02C2AB7E200B716CD /* NyTimesArticlesTests.swift in Sources */,
			);
			runOnlyForDeploymentPostprocessing = 0;
		};
		5DBA41E12C2AB7E200B716CD /* Sources */ = {
			isa = PBXSourcesBuildPhase;
			buildActionMask = 2147483647;
			files = (
				5DBA41EA2C2AB7E200B716CD /* NyTimesArticlesUITests.swift in Sources */,
				5DBA41EC2C2AB7E200B716CD /* NyTimesArticlesUITestsLaunchTests.swift in Sources */,
			);
			runOnlyForDeploymentPostprocessing = 0;
		};
/* End PBXSourcesBuildPhase section */

/* Begin PBXTargetDependency section */
		5DBA41DD2C2AB7E200B716CD /* PBXTargetDependency */ = {
			isa = PBXTargetDependency;
			target = 5DBA41C92C2AB7E000B716CD /* NyTimesArticles */;
			targetProxy = 5DBA41DC2C2AB7E200B716CD /* PBXContainerItemProxy */;
		};
		5DBA41E72C2AB7E200B716CD /* PBXTargetDependency */ = {
			isa = PBXTargetDependency;
			target = 5DBA41C92C2AB7E000B716CD /* NyTimesArticles */;
			targetProxy = 5DBA41E62C2AB7E200B716CD /* PBXContainerItemProxy */;
		};
/* End PBXTargetDependency section */

/* Begin XCBuildConfiguration section */
		5DBA41ED2C2AB7E200B716CD /* Debug */ = {
			isa = XCBuildConfiguration;
			buildSettings = {
				ALWAYS_SEARCH_USER_PATHS = NO;
				ASSETCATALOG_COMPILER_GENERATE_SWIFT_ASSET_SYMBOL_EXTENSIONS = YES;
				CLANG_ANALYZER_NONNULL = YES;
				CLANG_ANALYZER_NUMBER_OBJECT_CONVERSION = YES_AGGRESSIVE;
				CLANG_CXX_LANGUAGE_STANDARD = "gnu++20";
				CLANG_ENABLE_MODULES = YES;
				CLANG_ENABLE_OBJC_ARC = YES;
				CLANG_ENABLE_OBJC_WEAK = YES;
				CLANG_WARN_BLOCK_CAPTURE_AUTORELEASING = YES;
				CLANG_WARN_BOOL_CONVERSION = YES;
				CLANG_WARN_COMMA = YES;
				CLANG_WARN_CONSTANT_CONVERSION = YES;
				CLANG_WARN_DEPRECATED_OBJC_IMPLEMENTATIONS = YES;
				CLANG_WARN_DIRECT_OBJC_ISA_USAGE = YES_ERROR;
				CLANG_WARN_DOCUMENTATION_COMMENTS = YES;
				CLANG_WARN_EMPTY_BODY = YES;
				CLANG_WARN_ENUM_CONVERSION = YES;
				CLANG_WARN_INFINITE_RECURSION = YES;
				CLANG_WARN_INT_CONVERSION = YES;
				CLANG_WARN_NON_LITERAL_NULL_CONVERSION = YES;
				CLANG_WARN_OBJC_IMPLICIT_RETAIN_SELF = YES;
				CLANG_WARN_OBJC_LITERAL_CONVERSION = YES;
				CLANG_WARN_OBJC_ROOT_CLASS = YES_ERROR;
				CLANG_WARN_QUOTED_INCLUDE_IN_FRAMEWORK_HEADER = YES;
				CLANG_WARN_RANGE_LOOP_ANALYSIS = YES;
				CLANG_WARN_STRICT_PROTOTYPES = YES;
				CLANG_WARN_SUSPICIOUS_MOVE = YES;
				CLANG_WARN_UNGUARDED_AVAILABILITY = YES_AGGRESSIVE;
				CLANG_WARN_UNREACHABLE_CODE = YES;
				CLANG_WARN__DUPLICATE_METHOD_MATCH = YES;
				COPY_PHASE_STRIP = NO;
				DEBUG_INFORMATION_FORMAT = dwarf;
				ENABLE_STRICT_OBJC_MSGSEND = YES;
				ENABLE_TESTABILITY = YES;
				ENABLE_USER_SCRIPT_SANDBOXING = YES;
				GCC_C_LANGUAGE_STANDARD = gnu17;
				GCC_DYNAMIC_NO_PIC = NO;
				GCC_NO_COMMON_BLOCKS = YES;
				GCC_OPTIMIZATION_LEVEL = 0;
				GCC_PREPROCESSOR_DEFINITIONS = (
					"DEBUG=1",
					"$(inherited)",
				);
				GCC_WARN_64_TO_32_BIT_CONVERSION = YES;
				GCC_WARN_ABOUT_RETURN_TYPE = YES_ERROR;
				GCC_WARN_UNDECLARED_SELECTOR = YES;
				GCC_WARN_UNINITIALIZED_AUTOS = YES_AGGRESSIVE;
				GCC_WARN_UNUSED_FUNCTION = YES;
				GCC_WARN_UNUSED_VARIABLE = YES;
				LOCALIZATION_PREFERS_STRING_CATALOGS = YES;
				MTL_ENABLE_DEBUG_INFO = INCLUDE_SOURCE;
				MTL_FAST_MATH = YES;
				ONLY_ACTIVE_ARCH = YES;
				SWIFT_ACTIVE_COMPILATION_CONDITIONS = "DEBUG $(inherited)";
				SWIFT_OPTIMIZATION_LEVEL = "-Onone";
			};
			name = Debug;
		};
		5DBA41EE2C2AB7E200B716CD /* Release */ = {
			isa = XCBuildConfiguration;
			buildSettings = {
				ALWAYS_SEARCH_USER_PATHS = NO;
				ASSETCATALOG_COMPILER_GENERATE_SWIFT_ASSET_SYMBOL_EXTENSIONS = YES;
				CLANG_ANALYZER_NONNULL = YES;
				CLANG_ANALYZER_NUMBER_OBJECT_CONVERSION = YES_AGGRESSIVE;
				CLANG_CXX_LANGUAGE_STANDARD = "gnu++20";
				CLANG_ENABLE_MODULES = YES;
				CLANG_ENABLE_OBJC_ARC = YES;
				CLANG_ENABLE_OBJC_WEAK = YES;
				CLANG_WARN_BLOCK_CAPTURE_AUTORELEASING = YES;
				CLANG_WARN_BOOL_CONVERSION = YES;
				CLANG_WARN_COMMA = YES;
				CLANG_WARN_CONSTANT_CONVERSION = YES;
				CLANG_WARN_DEPRECATED_OBJC_IMPLEMENTATIONS = YES;
				CLANG_WARN_DIRECT_OBJC_ISA_USAGE = YES_ERROR;
				CLANG_WARN_DOCUMENTATION_COMMENTS = YES;
				CLANG_WARN_EMPTY_BODY = YES;
				CLANG_WARN_ENUM_CONVERSION = YES;
				CLANG_WARN_INFINITE_RECURSION = YES;
				CLANG_WARN_INT_CONVERSION = YES;
				CLANG_WARN_NON_LITERAL_NULL_CONVERSION = YES;
				CLANG_WARN_OBJC_IMPLICIT_RETAIN_SELF = YES;
				CLANG_WARN_OBJC_LITERAL_CONVERSION = YES;
				CLANG_WARN_OBJC_ROOT_CLASS = YES_ERROR;
				CLANG_WARN_QUOTED_INCLUDE_IN_FRAMEWORK_HEADER = YES;
				CLANG_WARN_RANGE_LOOP_ANALYSIS = YES;
				CLANG_WARN_STRICT_PROTOTYPES = YES;
				CLANG_WARN_SUSPICIOUS_MOVE = YES;
				CLANG_WARN_UNGUARDED_AVAILABILITY = YES_AGGRESSIVE;
				CLANG_WARN_UNREACHABLE_CODE = YES;
				CLANG_WARN__DUPLICATE_METHOD_MATCH = YES;
				COPY_PHASE_STRIP = NO;
				DEBUG_INFORMATION_FORMAT = "dwarf-with-dsym";
				ENABLE_NS_ASSERTIONS = NO;
				ENABLE_STRICT_OBJC_MSGSEND = YES;
				ENABLE_USER_SCRIPT_SANDBOXING = YES;
				GCC_C_LANGUAGE_STANDARD = gnu17;
				GCC_NO_COMMON_BLOCKS = YES;
				GCC_WARN_64_TO_32_BIT_CONVERSION = YES;
				GCC_WARN_ABOUT_RETURN_TYPE = YES_ERROR;
				GCC_WARN_UNDECLARED_SELECTOR = YES;
				GCC_WARN_UNINITIALIZED_AUTOS = YES_AGGRESSIVE;
				GCC_WARN_UNUSED_FUNCTION = YES;
				GCC_WARN_UNUSED_VARIABLE = YES;
				LOCALIZATION_PREFERS_STRING_CATALOGS = YES;
				MTL_ENABLE_DEBUG_INFO = NO;
				MTL_FAST_MATH = YES;
				SWIFT_COMPILATION_MODE = wholemodule;
			};
			name = Release;
		};
		5DBA41F02C2AB7E200B716CD /* Debug */ = {
			isa = XCBuildConfiguration;
			buildSettings = {
				ASSETCATALOG_COMPILER_APPICON_NAME = AppIcon;
				ASSETCATALOG_COMPILER_GLOBAL_ACCENT_COLOR_NAME = AccentColor;
				CODE_SIGN_ENTITLEMENTS = NyTimesArticles/NyTimesArticles.entitlements;
				CODE_SIGN_STYLE = Automatic;
				CURRENT_PROJECT_VERSION = 1;
				DEVELOPMENT_ASSET_PATHS = "\"NyTimesArticles/Preview Content\"";
				DEVELOPMENT_TEAM = 63S3236YZ6;
				ENABLE_HARDENED_RUNTIME = YES;
				ENABLE_PREVIEWS = YES;
				GENERATE_INFOPLIST_FILE = YES;
				"INFOPLIST_KEY_UIApplicationSceneManifest_Generation[sdk=iphoneos*]" = YES;
				"INFOPLIST_KEY_UIApplicationSceneManifest_Generation[sdk=iphonesimulator*]" = YES;
				"INFOPLIST_KEY_UIApplicationSupportsIndirectInputEvents[sdk=iphoneos*]" = YES;
				"INFOPLIST_KEY_UIApplicationSupportsIndirectInputEvents[sdk=iphonesimulator*]" = YES;
				"INFOPLIST_KEY_UILaunchScreen_Generation[sdk=iphoneos*]" = YES;
				"INFOPLIST_KEY_UILaunchScreen_Generation[sdk=iphonesimulator*]" = YES;
				"INFOPLIST_KEY_UIStatusBarStyle[sdk=iphoneos*]" = UIStatusBarStyleDefault;
				"INFOPLIST_KEY_UIStatusBarStyle[sdk=iphonesimulator*]" = UIStatusBarStyleDefault;
				INFOPLIST_KEY_UISupportedInterfaceOrientations = UIInterfaceOrientationPortrait;
				IPHONEOS_DEPLOYMENT_TARGET = 17.4;
				LD_RUNPATH_SEARCH_PATHS = "@executable_path/Frameworks";
				"LD_RUNPATH_SEARCH_PATHS[sdk=macosx*]" = "@executable_path/../Frameworks";
				MACOSX_DEPLOYMENT_TARGET = 14.4;
				MARKETING_VERSION = 1.0;
				PRODUCT_BUNDLE_IDENTIFIER = test.dummyapp.NyTimesArticles;
				PRODUCT_NAME = "$(TARGET_NAME)";
				SDKROOT = auto;
				SUPPORTED_PLATFORMS = "iphoneos iphonesimulator macosx";
				SWIFT_EMIT_LOC_STRINGS = YES;
				SWIFT_VERSION = 5.0;
				TARGETED_DEVICE_FAMILY = "1,2";
			};
			name = Debug;
		};
		5DBA41F12C2AB7E200B716CD /* Release */ = {
			isa = XCBuildConfiguration;
			buildSettings = {
				ASSETCATALOG_COMPILER_APPICON_NAME = AppIcon;
				ASSETCATALOG_COMPILER_GLOBAL_ACCENT_COLOR_NAME = AccentColor;
				CODE_SIGN_ENTITLEMENTS = NyTimesArticles/NyTimesArticles.entitlements;
				CODE_SIGN_STYLE = Automatic;
				CURRENT_PROJECT_VERSION = 1;
				DEVELOPMENT_ASSET_PATHS = "\"NyTimesArticles/Preview Content\"";
				DEVELOPMENT_TEAM = 63S3236YZ6;
				ENABLE_HARDENED_RUNTIME = YES;
				ENABLE_PREVIEWS = YES;
				GENERATE_INFOPLIST_FILE = YES;
				"INFOPLIST_KEY_UIApplicationSceneManifest_Generation[sdk=iphoneos*]" = YES;
				"INFOPLIST_KEY_UIApplicationSceneManifest_Generation[sdk=iphonesimulator*]" = YES;
				"INFOPLIST_KEY_UIApplicationSupportsIndirectInputEvents[sdk=iphoneos*]" = YES;
				"INFOPLIST_KEY_UIApplicationSupportsIndirectInputEvents[sdk=iphonesimulator*]" = YES;
				"INFOPLIST_KEY_UILaunchScreen_Generation[sdk=iphoneos*]" = YES;
				"INFOPLIST_KEY_UILaunchScreen_Generation[sdk=iphonesimulator*]" = YES;
				"INFOPLIST_KEY_UIStatusBarStyle[sdk=iphoneos*]" = UIStatusBarStyleDefault;
				"INFOPLIST_KEY_UIStatusBarStyle[sdk=iphonesimulator*]" = UIStatusBarStyleDefault;
				INFOPLIST_KEY_UISupportedInterfaceOrientations = UIInterfaceOrientationPortrait;
				IPHONEOS_DEPLOYMENT_TARGET = 17.4;
				LD_RUNPATH_SEARCH_PATHS = "@executable_path/Frameworks";
				"LD_RUNPATH_SEARCH_PATHS[sdk=macosx*]" = "@executable_path/../Frameworks";
				MACOSX_DEPLOYMENT_TARGET = 14.4;
				MARKETING_VERSION = 1.0;
				PRODUCT_BUNDLE_IDENTIFIER = test.dummyapp.NyTimesArticles;
				PRODUCT_NAME = "$(TARGET_NAME)";
				SDKROOT = auto;
				SUPPORTED_PLATFORMS = "iphoneos iphonesimulator macosx";
				SWIFT_EMIT_LOC_STRINGS = YES;
				SWIFT_VERSION = 5.0;
				TARGETED_DEVICE_FAMILY = "1,2";
			};
			name = Release;
		};
		5DBA41F32C2AB7E200B716CD /* Debug */ = {
			isa = XCBuildConfiguration;
			buildSettings = {
				ALWAYS_EMBED_SWIFT_STANDARD_LIBRARIES = YES;
				BUNDLE_LOADER = "$(TEST_HOST)";
				CODE_SIGN_STYLE = Automatic;
				CURRENT_PROJECT_VERSION = 1;
				DEVELOPMENT_TEAM = 63S3236YZ6;
				GENERATE_INFOPLIST_FILE = YES;
				IPHONEOS_DEPLOYMENT_TARGET = 17.4;
				MACOSX_DEPLOYMENT_TARGET = 14.4;
				MARKETING_VERSION = 1.0;
				PRODUCT_BUNDLE_IDENTIFIER = test.dummyapp.NyTimesArticlesTests;
				PRODUCT_NAME = "$(TARGET_NAME)";
				SDKROOT = auto;
				SUPPORTED_PLATFORMS = "iphoneos iphonesimulator macosx";
				SWIFT_EMIT_LOC_STRINGS = NO;
				SWIFT_VERSION = 5.0;
				TARGETED_DEVICE_FAMILY = "1,2";
				TEST_HOST = "$(BUILT_PRODUCTS_DIR)/NyTimesArticles.app/$(BUNDLE_EXECUTABLE_FOLDER_PATH)/NyTimesArticles";
			};
			name = Debug;
		};
		5DBA41F42C2AB7E200B716CD /* Release */ = {
			isa = XCBuildConfiguration;
			buildSettings = {
				ALWAYS_EMBED_SWIFT_STANDARD_LIBRARIES = YES;
				BUNDLE_LOADER = "$(TEST_HOST)";
				CODE_SIGN_STYLE = Automatic;
				CURRENT_PROJECT_VERSION = 1;
				DEVELOPMENT_TEAM = 63S3236YZ6;
				GENERATE_INFOPLIST_FILE = YES;
				IPHONEOS_DEPLOYMENT_TARGET = 17.4;
				MACOSX_DEPLOYMENT_TARGET = 14.4;
				MARKETING_VERSION = 1.0;
				PRODUCT_BUNDLE_IDENTIFIER = test.dummyapp.NyTimesArticlesTests;
				PRODUCT_NAME = "$(TARGET_NAME)";
				SDKROOT = auto;
				SUPPORTED_PLATFORMS = "iphoneos iphonesimulator macosx";
				SWIFT_EMIT_LOC_STRINGS = NO;
				SWIFT_VERSION = 5.0;
				TARGETED_DEVICE_FAMILY = "1,2";
				TEST_HOST = "$(BUILT_PRODUCTS_DIR)/NyTimesArticles.app/$(BUNDLE_EXECUTABLE_FOLDER_PATH)/NyTimesArticles";
			};
			name = Release;
		};
		5DBA41F62C2AB7E200B716CD /* Debug */ = {
			isa = XCBuildConfiguration;
			buildSettings = {
				ALWAYS_EMBED_SWIFT_STANDARD_LIBRARIES = YES;
				CODE_SIGN_STYLE = Automatic;
				CURRENT_PROJECT_VERSION = 1;
				DEVELOPMENT_TEAM = 63S3236YZ6;
				GENERATE_INFOPLIST_FILE = YES;
				IPHONEOS_DEPLOYMENT_TARGET = 17.4;
				MACOSX_DEPLOYMENT_TARGET = 14.4;
				MARKETING_VERSION = 1.0;
				PRODUCT_BUNDLE_IDENTIFIER = test.dummyapp.NyTimesArticlesUITests;
				PRODUCT_NAME = "$(TARGET_NAME)";
				SDKROOT = auto;
				SUPPORTED_PLATFORMS = "iphoneos iphonesimulator macosx";
				SWIFT_EMIT_LOC_STRINGS = NO;
				SWIFT_VERSION = 5.0;
				TARGETED_DEVICE_FAMILY = "1,2";
				TEST_TARGET_NAME = NyTimesArticles;
			};
			name = Debug;
		};
		5DBA41F72C2AB7E200B716CD /* Release */ = {
			isa = XCBuildConfiguration;
			buildSettings = {
				ALWAYS_EMBED_SWIFT_STANDARD_LIBRARIES = YES;
				CODE_SIGN_STYLE = Automatic;
				CURRENT_PROJECT_VERSION = 1;
				DEVELOPMENT_TEAM = 63S3236YZ6;
				GENERATE_INFOPLIST_FILE = YES;
				IPHONEOS_DEPLOYMENT_TARGET = 17.4;
				MACOSX_DEPLOYMENT_TARGET = 14.4;
				MARKETING_VERSION = 1.0;
				PRODUCT_BUNDLE_IDENTIFIER = test.dummyapp.NyTimesArticlesUITests;
				PRODUCT_NAME = "$(TARGET_NAME)";
				SDKROOT = auto;
				SUPPORTED_PLATFORMS = "iphoneos iphonesimulator macosx";
				SWIFT_EMIT_LOC_STRINGS = NO;
				SWIFT_VERSION = 5.0;
				TARGETED_DEVICE_FAMILY = "1,2";
				TEST_TARGET_NAME = NyTimesArticles;
			};
			name = Release;
		};
/* End XCBuildConfiguration section */

/* Begin XCConfigurationList section */
		5DBA41C52C2AB7E000B716CD /* Build configuration list for PBXProject "NyTimesArticles" */ = {
			isa = XCConfigurationList;
			buildConfigurations = (
				5DBA41ED2C2AB7E200B716CD /* Debug */,
				5DBA41EE2C2AB7E200B716CD /* Release */,
			);
			defaultConfigurationIsVisible = 0;
			defaultConfigurationName = Release;
		};
		5DBA41EF2C2AB7E200B716CD /* Build configuration list for PBXNativeTarget "NyTimesArticles" */ = {
			isa = XCConfigurationList;
			buildConfigurations = (
				5DBA41F02C2AB7E200B716CD /* Debug */,
				5DBA41F12C2AB7E200B716CD /* Release */,
			);
			defaultConfigurationIsVisible = 0;
			defaultConfigurationName = Release;
		};
		5DBA41F22C2AB7E200B716CD /* Build configuration list for PBXNativeTarget "NyTimesArticlesTests" */ = {
			isa = XCConfigurationList;
			buildConfigurations = (
				5DBA41F32C2AB7E200B716CD /* Debug */,
				5DBA41F42C2AB7E200B716CD /* Release */,
			);
			defaultConfigurationIsVisible = 0;
			defaultConfigurationName = Release;
		};
		5DBA41F52C2AB7E200B716CD /* Build configuration list for PBXNativeTarget "NyTimesArticlesUITests" */ = {
			isa = XCConfigurationList;
			buildConfigurations = (
				5DBA41F62C2AB7E200B716CD /* Debug */,
				5DBA41F72C2AB7E200B716CD /* Release */,
			);
			defaultConfigurationIsVisible = 0;
			defaultConfigurationName = Release;
		};
/* End XCConfigurationList section */
	};
	rootObject = 5DBA41C22C2AB7E000B716CD /* Project object */;
}
